// !$*UTF8*$!
{
	archiveVersion = 1;
	classes = {
	};
	objectVersion = 46;
	objects = {

/* Begin PBXBuildFile section */
		8C4991531EDFF2D1004E2BB2 /* AppDelegate.swift in Sources */ = {isa = PBXBuildFile; fileRef = 8C4991521EDFF2D1004E2BB2 /* AppDelegate.swift */; };
		8C4991551EDFF2D1004E2BB2 /* ViewController.swift in Sources */ = {isa = PBXBuildFile; fileRef = 8C4991541EDFF2D1004E2BB2 /* ViewController.swift */; };
		8C4991581EDFF2D1004E2BB2 /* Main.storyboard in Resources */ = {isa = PBXBuildFile; fileRef = 8C4991561EDFF2D1004E2BB2 /* Main.storyboard */; };
		8C49915A1EDFF2D1004E2BB2 /* Assets.xcassets in Resources */ = {isa = PBXBuildFile; fileRef = 8C4991591EDFF2D1004E2BB2 /* Assets.xcassets */; };
		8C49915D1EDFF2D1004E2BB2 /* LaunchScreen.storyboard in Resources */ = {isa = PBXBuildFile; fileRef = 8C49915B1EDFF2D1004E2BB2 /* LaunchScreen.storyboard */; };
		8C49916D1EDFF30F004E2BB2 /* background.jpeg in Resources */ = {isa = PBXBuildFile; fileRef = 8C4991651EDFF30F004E2BB2 /* background.jpeg */; };
		8C49916E1EDFF30F004E2BB2 /* lamborghini-aventador.jpg in Resources */ = {isa = PBXBuildFile; fileRef = 8C4991661EDFF30F004E2BB2 /* lamborghini-aventador.jpg */; };
		8C49916F1EDFF30F004E2BB2 /* lamborghini-huracan.jpg in Resources */ = {isa = PBXBuildFile; fileRef = 8C4991671EDFF30F004E2BB2 /* lamborghini-huracan.jpg */; };
		8C4991701EDFF30F004E2BB2 /* lamborghini-veneno.jpg in Resources */ = {isa = PBXBuildFile; fileRef = 8C4991681EDFF30F004E2BB2 /* lamborghini-veneno.jpg */; };
		8C4991711EDFF30F004E2BB2 /* porsche-911.jpg in Resources */ = {isa = PBXBuildFile; fileRef = 8C4991691EDFF30F004E2BB2 /* porsche-911.jpg */; };
		8C4991721EDFF30F004E2BB2 /* porsche-boxter.jpg in Resources */ = {isa = PBXBuildFile; fileRef = 8C49916A1EDFF30F004E2BB2 /* porsche-boxter.jpg */; };
		8C4991731EDFF30F004E2BB2 /* tesla-model-s.jpg in Resources */ = {isa = PBXBuildFile; fileRef = 8C49916B1EDFF30F004E2BB2 /* tesla-model-s.jpg */; };
		8C4991741EDFF30F004E2BB2 /* tesla-model-x.jpg in Resources */ = {isa = PBXBuildFile; fileRef = 8C49916C1EDFF30F004E2BB2 /* tesla-model-x.jpg */; };
/* End PBXBuildFile section */

/* Begin PBXFileReference section */
		8C49914F1EDFF2D1004E2BB2 /* SelectCar.app */ = {isa = PBXFileReference; explicitFileType = wrapper.application; includeInIndex = 0; path = SelectCar.app; sourceTree = BUILT_PRODUCTS_DIR; };
		8C4991521EDFF2D1004E2BB2 /* AppDelegate.swift */ = {isa = PBXFileReference; lastKnownFileType = sourcecode.swift; path = AppDelegate.swift; sourceTree = "<group>"; };
		8C4991541EDFF2D1004E2BB2 /* ViewController.swift */ = {isa = PBXFileReference; lastKnownFileType = sourcecode.swift; path = ViewController.swift; sourceTree = "<group>"; };
		8C4991571EDFF2D1004E2BB2 /* Base */ = {isa = PBXFileReference; lastKnownFileType = file.storyboard; name = Base; path = Base.lproj/Main.storyboard; sourceTree = "<group>"; };
		8C4991591EDFF2D1004E2BB2 /* Assets.xcassets */ = {isa = PBXFileReference; lastKnownFileType = folder.assetcatalog; path = Assets.xcassets; sourceTree = "<group>"; };
		8C49915C1EDFF2D1004E2BB2 /* Base */ = {isa = PBXFileReference; lastKnownFileType = file.storyboard; name = Base; path = Base.lproj/LaunchScreen.storyboard; sourceTree = "<group>"; };
		8C49915E1EDFF2D1004E2BB2 /* Info.plist */ = {isa = PBXFileReference; lastKnownFileType = text.plist.xml; path = Info.plist; sourceTree = "<group>"; };
		8C4991651EDFF30F004E2BB2 /* background.jpeg */ = {isa = PBXFileReference; lastKnownFileType = image.jpeg; path = background.jpeg; sourceTree = "<group>"; };
		8C4991661EDFF30F004E2BB2 /* lamborghini-aventador.jpg */ = {isa = PBXFileReference; lastKnownFileType = image.jpeg; path = "lamborghini-aventador.jpg"; sourceTree = "<group>"; };
		8C4991671EDFF30F004E2BB2 /* lamborghini-huracan.jpg */ = {isa = PBXFileReference; lastKnownFileType = image.jpeg; path = "lamborghini-huracan.jpg"; sourceTree = "<group>"; };
		8C4991681EDFF30F004E2BB2 /* lamborghini-veneno.jpg */ = {isa = PBXFileReference; lastKnownFileType = image.jpeg; path = "lamborghini-veneno.jpg"; sourceTree = "<group>"; };
		8C4991691EDFF30F004E2BB2 /* porsche-911.jpg */ = {isa = PBXFileReference; lastKnownFileType = image.jpeg; path = "porsche-911.jpg"; sourceTree = "<group>"; };
		8C49916A1EDFF30F004E2BB2 /* porsche-boxter.jpg */ = {isa = PBXFileReference; lastKnownFileType = image.jpeg; path = "porsche-boxter.jpg"; sourceTree = "<group>"; };
		8C49916B1EDFF30F004E2BB2 /* tesla-model-s.jpg */ = {isa = PBXFileReference; lastKnownFileType = image.jpeg; path = "tesla-model-s.jpg"; sourceTree = "<group>"; };
		8C49916C1EDFF30F004E2BB2 /* tesla-model-x.jpg */ = {isa = PBXFileReference; lastKnownFileType = image.jpeg; path = "tesla-model-x.jpg"; sourceTree = "<group>"; };
/* End PBXFileReference section */

/* Begin PBXFrameworksBuildPhase section */
		8C49914C1EDFF2D1004E2BB2 /* Frameworks */ = {
			isa = PBXFrameworksBuildPhase;
			buildActionMask = 2147483647;
			files = (
			);
			runOnlyForDeploymentPostprocessing = 0;
		};
/* End PBXFrameworksBuildPhase section */

/* Begin PBXGroup section */
		8C4991461EDFF2D1004E2BB2 = {
			isa = PBXGroup;
			children = (
				8C4991511EDFF2D1004E2BB2 /* SelectCar */,
				8C4991501EDFF2D1004E2BB2 /* Products */,
			);
			sourceTree = "<group>";
		};
		8C4991501EDFF2D1004E2BB2 /* Products */ = {
			isa = PBXGroup;
			children = (
				8C49914F1EDFF2D1004E2BB2 /* SelectCar.app */,
			);
			name = Products;
			sourceTree = "<group>";
		};
		8C4991511EDFF2D1004E2BB2 /* SelectCar */ = {
			isa = PBXGroup;
			children = (
				8C4991641EDFF2D9004E2BB2 /* Resources */,
				8C4991521EDFF2D1004E2BB2 /* AppDelegate.swift */,
				8C4991541EDFF2D1004E2BB2 /* ViewController.swift */,
				8C4991561EDFF2D1004E2BB2 /* Main.storyboard */,
				8C4991591EDFF2D1004E2BB2 /* Assets.xcassets */,
				8C49915B1EDFF2D1004E2BB2 /* LaunchScreen.storyboard */,
				8C49915E1EDFF2D1004E2BB2 /* Info.plist */,
			);
			path = SelectCar;
			sourceTree = "<group>";
		};
		8C4991641EDFF2D9004E2BB2 /* Resources */ = {
			isa = PBXGroup;
			children = (
				8C4991651EDFF30F004E2BB2 /* background.jpeg */,
				8C4991661EDFF30F004E2BB2 /* lamborghini-aventador.jpg */,
				8C4991671EDFF30F004E2BB2 /* lamborghini-huracan.jpg */,
				8C4991681EDFF30F004E2BB2 /* lamborghini-veneno.jpg */,
				8C4991691EDFF30F004E2BB2 /* porsche-911.jpg */,
				8C49916A1EDFF30F004E2BB2 /* porsche-boxter.jpg */,
				8C49916B1EDFF30F004E2BB2 /* tesla-model-s.jpg */,
				8C49916C1EDFF30F004E2BB2 /* tesla-model-x.jpg */,
			);
			name = Resources;
			sourceTree = "<group>";
		};
/* End PBXGroup section */

/* Begin PBXNativeTarget section */
		8C49914E1EDFF2D1004E2BB2 /* SelectCar */ = {
			isa = PBXNativeTarget;
			buildConfigurationList = 8C4991611EDFF2D1004E2BB2 /* Build configuration list for PBXNativeTarget "SelectCar" */;
			buildPhases = (
				8C49914B1EDFF2D1004E2BB2 /* Sources */,
				8C49914C1EDFF2D1004E2BB2 /* Frameworks */,
				8C49914D1EDFF2D1004E2BB2 /* Resources */,
			);
			buildRules = (
			);
			dependencies = (
			);
			name = SelectCar;
			productName = SelectCar;
			productReference = 8C49914F1EDFF2D1004E2BB2 /* SelectCar.app */;
			productType = "com.apple.product-type.application";
		};
/* End PBXNativeTarget section */

/* Begin PBXProject section */
		8C4991471EDFF2D1004E2BB2 /* Project object */ = {
			isa = PBXProject;
			attributes = {
				LastSwiftUpdateCheck = 0830;
				LastUpgradeCheck = 0830;
				ORGANIZATIONNAME = "celia me";
				TargetAttributes = {
					8C49914E1EDFF2D1004E2BB2 = {
						CreatedOnToolsVersion = 8.3.2;
						ProvisioningStyle = Automatic;
					};
				};
			};
			buildConfigurationList = 8C49914A1EDFF2D1004E2BB2 /* Build configuration list for PBXProject "SelectCar" */;
			compatibilityVersion = "Xcode 3.2";
			developmentRegion = English;
			hasScannedForEncodings = 0;
			knownRegions = (
				en,
				Base,
			);
			mainGroup = 8C4991461EDFF2D1004E2BB2;
			productRefGroup = 8C4991501EDFF2D1004E2BB2 /* Products */;
			projectDirPath = "";
			projectRoot = "";
			targets = (
				8C49914E1EDFF2D1004E2BB2 /* SelectCar */,
			);
		};
/* End PBXProject section */

/* Begin PBXResourcesBuildPhase section */
		8C49914D1EDFF2D1004E2BB2 /* Resources */ = {
			isa = PBXResourcesBuildPhase;
			buildActionMask = 2147483647;
			files = (
				8C49915D1EDFF2D1004E2BB2 /* LaunchScreen.storyboard in Resources */,
				8C4991731EDFF30F004E2BB2 /* tesla-model-s.jpg in Resources */,
				8C49916F1EDFF30F004E2BB2 /* lamborghini-huracan.jpg in Resources */,
				8C4991711EDFF30F004E2BB2 /* porsche-911.jpg in Resources */,
				8C49915A1EDFF2D1004E2BB2 /* Assets.xcassets in Resources */,
				8C4991581EDFF2D1004E2BB2 /* Main.storyboard in Resources */,
				8C49916D1EDFF30F004E2BB2 /* background.jpeg in Resources */,
				8C49916E1EDFF30F004E2BB2 /* lamborghini-aventador.jpg in Resources */,
				8C4991701EDFF30F004E2BB2 /* lamborghini-veneno.jpg in Resources */,
				8C4991721EDFF30F004E2BB2 /* porsche-boxter.jpg in Resources */,
				8C4991741EDFF30F004E2BB2 /* tesla-model-x.jpg in Resources */,
			);
			runOnlyForDeploymentPostprocessing = 0;
		};
/* End PBXResourcesBuildPhase section */

/* Begin PBXSourcesBuildPhase section */
		8C49914B1EDFF2D1004E2BB2 /* Sources */ = {
			isa = PBXSourcesBuildPhase;
			buildActionMask = 2147483647;
			files = (
				8C4991551EDFF2D1004E2BB2 /* ViewController.swift in Sources */,
				8C4991531EDFF2D1004E2BB2 /* AppDelegate.swift in Sources */,
			);
			runOnlyForDeploymentPostprocessing = 0;
		};
/* End PBXSourcesBuildPhase section */

/* Begin PBXVariantGroup section */
		8C4991561EDFF2D1004E2BB2 /* Main.storyboard */ = {
			isa = PBXVariantGroup;
			children = (
				8C4991571EDFF2D1004E2BB2 /* Base */,
			);
			name = Main.storyboard;
			sourceTree = "<group>";
		};
		8C49915B1EDFF2D1004E2BB2 /* LaunchScreen.storyboard */ = {
			isa = PBXVariantGroup;
			children = (
				8C49915C1EDFF2D1004E2BB2 /* Base */,
			);
			name = LaunchScreen.storyboard;
			sourceTree = "<group>";
		};
/* End PBXVariantGroup section */

/* Begin XCBuildConfiguration section */
		8C49915F1EDFF2D1004E2BB2 /* Debug */ = {
			isa = XCBuildConfiguration;
			buildSettings = {
				ALWAYS_SEARCH_USER_PATHS = NO;
				CLANG_ANALYZER_NONNULL = YES;
				CLANG_ANALYZER_NUMBER_OBJECT_CONVERSION = YES_AGGRESSIVE;
				CLANG_CXX_LANGUAGE_STANDARD = "gnu++0x";
				CLANG_CXX_LIBRARY = "libc++";
				CLANG_ENABLE_MODULES = YES;
				CLANG_ENABLE_OBJC_ARC = YES;
				CLANG_WARN_BOOL_CONVERSION = YES;
				CLANG_WARN_CONSTANT_CONVERSION = YES;
				CLANG_WARN_DIRECT_OBJC_ISA_USAGE = YES_ERROR;
				CLANG_WARN_DOCUMENTATION_COMMENTS = YES;
				CLANG_WARN_EMPTY_BODY = YES;
				CLANG_WARN_ENUM_CONVERSION = YES;
				CLANG_WARN_INFINITE_RECURSION = YES;
				CLANG_WARN_INT_CONVERSION = YES;
				CLANG_WARN_OBJC_ROOT_CLASS = YES_ERROR;
				CLANG_WARN_SUSPICIOUS_MOVE = YES;
				CLANG_WARN_UNREACHABLE_CODE = YES;
				CLANG_WARN__DUPLICATE_METHOD_MATCH = YES;
				"CODE_SIGN_IDENTITY[sdk=iphoneos*]" = "iPhone Developer";
				COPY_PHASE_STRIP = NO;
				DEBUG_INFORMATION_FORMAT = dwarf;
				ENABLE_STRICT_OBJC_MSGSEND = YES;
				ENABLE_TESTABILITY = YES;
				GCC_C_LANGUAGE_STANDARD = gnu99;
				GCC_DYNAMIC_NO_PIC = NO;
				GCC_NO_COMMON_BLOCKS = YES;
				GCC_OPTIMIZATION_LEVEL = 0;
				GCC_PREPROCESSOR_DEFINITIONS = (
					"DEBUG=1",
					"$(inherited)",
				);
				GCC_WARN_64_TO_32_BIT_CONVERSION = YES;
				GCC_WARN_ABOUT_RETURN_TYPE = YES_ERROR;
				GCC_WARN_UNDECLARED_SELECTOR = YES;
				GCC_WARN_UNINITIALIZED_AUTOS = YES_AGGRESSIVE;
				GCC_WARN_UNUSED_FUNCTION = YES;
				GCC_WARN_UNUSED_VARIABLE = YES;
				IPHONEOS_DEPLOYMENT_TARGET = 9.0;
				MTL_ENABLE_DEBUG_INFO = YES;
				ONLY_ACTIVE_ARCH = YES;
				SDKROOT = iphoneos;
				SWIFT_ACTIVE_COMPILATION_CONDITIONS = DEBUG;
				SWIFT_OPTIMIZATION_LEVEL = "-Onone";
			};
			name = Debug;
		};
		8C4991601EDFF2D1004E2BB2 /* Release */ = {
			isa = XCBuildConfiguration;
			buildSettings = {
				ALWAYS_SEARCH_USER_PATHS = NO;
				CLANG_ANALYZER_NONNULL = YES;
				CLANG_ANALYZER_NUMBER_OBJECT_CONVERSION = YES_AGGRESSIVE;
				CLANG_CXX_LANGUAGE_STANDARD = "gnu++0x";
				CLANG_CXX_LIBRARY = "libc++";
				CLANG_ENABLE_MODULES = YES;
				CLANG_ENABLE_OBJC_ARC = YES;
				CLANG_WARN_BOOL_CONVERSION = YES;
				CLANG_WARN_CONSTANT_CONVERSION = YES;
				CLANG_WARN_DIRECT_OBJC_ISA_USAGE = YES_ERROR;
				CLANG_WARN_DOCUMENTATION_COMMENTS = YES;
				CLANG_WARN_EMPTY_BODY = YES;
				CLANG_WARN_ENUM_CONVERSION = YES;
				CLANG_WARN_INFINITE_RECURSION = YES;
				CLANG_WARN_INT_CONVERSION = YES;
				CLANG_WARN_OBJC_ROOT_CLASS = YES_ERROR;
				CLANG_WARN_SUSPICIOUS_MOVE = YES;
				CLANG_WARN_UNREACHABLE_CODE = YES;
				CLANG_WARN__DUPLICATE_METHOD_MATCH = YES;
				"CODE_SIGN_IDENTITY[sdk=iphoneos*]" = "iPhone Developer";
				COPY_PHASE_STRIP = NO;
				DEBUG_INFORMATION_FORMAT = "dwarf-with-dsym";
				ENABLE_NS_ASSERTIONS = NO;
				ENABLE_STRICT_OBJC_MSGSEND = YES;
				GCC_C_LANGUAGE_STANDARD = gnu99;
				GCC_NO_COMMON_BLOCKS = YES;
				GCC_WARN_64_TO_32_BIT_CONVERSION = YES;
				GCC_WARN_ABOUT_RETURN_TYPE = YES_ERROR;
				GCC_WARN_UNDECLARED_SELECTOR = YES;
				GCC_WARN_UNINITIALIZED_AUTOS = YES_AGGRESSIVE;
				GCC_WARN_UNUSED_FUNCTION = YES;
				GCC_WARN_UNUSED_VARIABLE = YES;
				IPHONEOS_DEPLOYMENT_TARGET = 9.0;
				MTL_ENABLE_DEBUG_INFO = NO;
				SDKROOT = iphoneos;
				SWIFT_OPTIMIZATION_LEVEL = "-Owholemodule";
				VALIDATE_PRODUCT = YES;
			};
			name = Release;
		};
		8C4991621EDFF2D1004E2BB2 /* Debug */ = {
			isa = XCBuildConfiguration;
			buildSettings = {
				ASSETCATALOG_COMPILER_APPICON_NAME = AppIcon;
				INFOPLIST_FILE = SelectCar/Info.plist;
				LD_RUNPATH_SEARCH_PATHS = "$(inherited) @executable_path/Frameworks";
				PRODUCT_BUNDLE_IDENTIFIER = net.celia.SelectCar;
				PRODUCT_NAME = "$(TARGET_NAME)";
				SWIFT_VERSION = 3.0;
			};
			name = Debug;
		};
		8C4991631EDFF2D1004E2BB2 /* Release */ = {
			isa = XCBuildConfiguration;
			buildSettings = {
				ASSETCATALOG_COMPILER_APPICON_NAME = AppIcon;
				INFOPLIST_FILE = SelectCar/Info.plist;
				LD_RUNPATH_SEARCH_PATHS = "$(inherited) @executable_path/Frameworks";
				PRODUCT_BUNDLE_IDENTIFIER = net.celia.SelectCar;
				PRODUCT_NAME = "$(TARGET_NAME)";
				SWIFT_VERSION = 3.0;
			};
			name = Release;
		};
/* End XCBuildConfiguration section */

/* Begin XCConfigurationList section */
		8C49914A1EDFF2D1004E2BB2 /* Build configuration list for PBXProject "SelectCar" */ = {
			isa = XCConfigurationList;
			buildConfigurations = (
				8C49915F1EDFF2D1004E2BB2 /* Debug */,
				8C4991601EDFF2D1004E2BB2 /* Release */,
			);
			defaultConfigurationIsVisible = 0;
			defaultConfigurationName = Release;
		};
		8C4991611EDFF2D1004E2BB2 /* Build configuration list for PBXNativeTarget "SelectCar" */ = {
			isa = XCConfigurationList;
			buildConfigurations = (
				8C4991621EDFF2D1004E2BB2 /* Debug */,
				8C4991631EDFF2D1004E2BB2 /* Release */,
			);
			defaultConfigurationIsVisible = 0;
		};
/* End XCConfigurationList section */
	};
	rootObject = 8C4991471EDFF2D1004E2BB2 /* Project object */;
}
